
Microsoft Visual Studio Solution File, Format Version 12.00
# Visual Studio Version 17
VisualStudioVersion = 17.3.32929.385
MinimumVisualStudioVersion = 10.0.40219.1
Project("{54A90642-561A-4BB1-A94E-469ADEE60C69}") = "MyFrontEnd", "MyFrontEnd.esproj", "{ED6452CD-266B-414A-92A1-C8E8D1804427}"
EndProject
Global
	GlobalSection(SolutionConfigurationPlatforms) = preSolution
		Debug|Any CPU = Debug|Any CPU
		Release|Any CPU = Release|Any CPU
	EndGlobalSection
	GlobalSection(ProjectConfigurationPlatforms) = postSolution
		{ED6452CD-266B-414A-92A1-C8E8D1804427}.Debug|Any CPU.ActiveCfg = Debug|Any CPU
		{ED6452CD-266B-414A-92A1-C8E8D1804427}.Debug|Any CPU.Build.0 = Debug|Any CPU
		{ED6452CD-266B-414A-92A1-C8E8D1804427}.Debug|Any CPU.Deploy.0 = Debug|Any CPU
		{ED6452CD-266B-414A-92A1-C8E8D1804427}.Release|Any CPU.ActiveCfg = Release|Any CPU
		{ED6452CD-266B-414A-92A1-C8E8D1804427}.Release|Any CPU.Build.0 = Release|Any CPU
		{ED6452CD-266B-414A-92A1-C8E8D1804427}.Release|Any CPU.Deploy.0 = Release|Any CPU
	EndGlobalSection
	GlobalSection(SolutionProperties) = preSolution
		HideSolutionNode = FALSE
	EndGlobalSection
	GlobalSection(ExtensibilityGlobals) = postSolution
		SolutionGuid = {F5CAC2C3-C60F-4586-ADB4-22E5D2BBF013}
	EndGlobalSection
EndGlobal
